{
  "projects": [
    {
      "projectId": "28Ba3BDvRe7EiWdfFNnLB6",
      "version": "2.13.0",
      "dependencies": {},
      "lang": "ts",
      "fileLocks": [
        {
          "assetId": "28Ba3BDvRe7EiWdfFNnLB6",
          "type": "projectCss",
          "checksum": "a1f5ba12fa0c91cb7921873e485c08d2"
        }
      ],
      "codegenVersion": "0.0.1"
    },
    {
      "projectId": "srLNpwS495U56VP6wX97Sc",
      "version": "latest",
      "dependencies": {},
      "lang": "ts",
      "fileLocks": [
        {
          "type": "globalVariant",
          "assetId": "tmaFwgpsCEjit",
          "checksum": "f718b97ab960a38a3ef49c8a1e018f1f"
        },
        {
          "type": "renderModule",
          "assetId": "HtgHzpTQFaZ7",
          "checksum": "07c9ee1b8ede7f27f1a3394f602207c7"
        },
        {
          "type": "cssRules",
          "assetId": "HtgHzpTQFaZ7",
          "checksum": "07c9ee1b8ede7f27f1a3394f602207c7"
        },
        {
          "type": "renderModule",
          "assetId": "CbeSuJTES8a",
          "checksum": "4f763bee64e67f58cfe6774061fd617b"
        },
        {
          "type": "cssRules",
          "assetId": "CbeSuJTES8a",
          "checksum": "4f763bee64e67f58cfe6774061fd617b"
        },
        {
          "type": "renderModule",
          "assetId": "WXVrYboz9Ty",
          "checksum": "e82c22b9af2467f9d9c6c86b9298600a"
        },
        {
          "type": "cssRules",
          "assetId": "WXVrYboz9Ty",
          "checksum": "e82c22b9af2467f9d9c6c86b9298600a"
        },
        {
          "type": "renderModule",
          "assetId": "dwz3UlNQbjg",
          "checksum": "096b41bc25559dec0eff5f9a0bbc6cc7"
        },
        {
          "type": "cssRules",
          "assetId": "dwz3UlNQbjg",
          "checksum": "096b41bc25559dec0eff5f9a0bbc6cc7"
        },
        {
          "type": "renderModule",
          "assetId": "_ZuAF4-v1b5",
          "checksum": "b28f1e5341f2b18601f2c99c7018c1ba"
        },
        {
          "type": "cssRules",
          "assetId": "_ZuAF4-v1b5",
          "checksum": "b28f1e5341f2b18601f2c99c7018c1ba"
        },
        {
          "type": "renderModule",
          "assetId": "Nyf0fcpCBO",
          "checksum": "71623bcba6021f855ad7657063a817f2"
        },
        {
          "type": "cssRules",
          "assetId": "Nyf0fcpCBO",
          "checksum": "71623bcba6021f855ad7657063a817f2"
        },
        {
          "type": "renderModule",
          "assetId": "LfL2mcCf-Co",
          "checksum": "9b50e9133ecd7a816c2ccc53005065c9"
        },
        {
          "type": "cssRules",
          "assetId": "LfL2mcCf-Co",
          "checksum": "9b50e9133ecd7a816c2ccc53005065c9"
        },
        {
          "type": "icon",
          "assetId": "XStRoMTJ80x",
          "checksum": "439d47115075e82d557a819f094bd74b"
        },
        {
          "type": "icon",
          "assetId": "2kWRLqlPNlT",
          "checksum": "cae6dfc0a573dd896dbe075975289ac6"
        },
        {
          "type": "image",
          "assetId": "oIMlK8pxm",
          "checksum": "f092be5bf9d859469c91fde9dd49d944"
        },
        {
          "type": "renderModule",
          "assetId": "D5uMvH3-wZG",
          "checksum": "cbcd92eec1ec280ac3ad29865594f50a"
        },
        {
          "type": "cssRules",
          "assetId": "D5uMvH3-wZG",
          "checksum": "cbcd92eec1ec280ac3ad29865594f50a"
        },
        {
          "type": "icon",
          "assetId": "EXEsZQ8P89p",
          "checksum": "f29352e313d8eada7dfd33102472e045"
        },
        {
          "type": "icon",
          "assetId": "OfZnG_-Zhi2",
          "checksum": "fd109ba005a38ed4bcc70581907b0798"
        },
        {
          "assetId": "srLNpwS495U56VP6wX97Sc",
          "type": "projectCss",
          "checksum": "884d03ee4e9ecd8663f7d9c6279292f4"
        },
        {
          "type": "renderModule",
          "assetId": "fmmM3UFhDh",
          "checksum": "aa771e8c9f684aa8c6132bba9793330e"
        },
        {
          "type": "cssRules",
          "assetId": "fmmM3UFhDh",
          "checksum": "aa771e8c9f684aa8c6132bba9793330e"
        }
      ],
      "codegenVersion": "0.0.1"
    }
  ],
  "cliVersion": "0.1.234"
}
