{
  "projects": [
    {
      "projectId": "28Ba3BDvRe7EiWdfFNnLB6",
      "version": "2.13.0",
      "dependencies": {},
      "lang": "ts",
      "fileLocks": [
        {
          "assetId": "28Ba3BDvRe7EiWdfFNnLB6",
          "type": "projectCss",
          "checksum": "a1f5ba12fa0c91cb7921873e485c08d2"
        }
      ],
      "codegenVersion": "0.0.1"
    },
    {
      "projectId": "srLNpwS495U56VP6wX97Sc",
      "version": "latest",
      "dependencies": {},
      "lang": "ts",
      "fileLocks": [
        {
          "type": "globalVariant",
          "assetId": "tmaFwgpsCEjit",
          "checksum": "f718b97ab960a38a3ef49c8a1e018f1f"
        },
        {
          "type": "renderModule",
          "assetId": "CbeSuJTES8a",
          "checksum": "3c55ddff48a9275b86dce0185650bd5a"
        },
        {
          "type": "cssRules",
          "assetId": "CbeSuJTES8a",
          "checksum": "3c55ddff48a9275b86dce0185650bd5a"
        },
        {
          "type": "renderModule",
          "assetId": "WXVrYboz9Ty",
          "checksum": "f6a39b82ce928f403d7a565ef873e45c"
        },
        {
          "type": "cssRules",
          "assetId": "WXVrYboz9Ty",
          "checksum": "f6a39b82ce928f403d7a565ef873e45c"
        },
        {
          "type": "renderModule",
          "assetId": "dwz3UlNQbjg",
          "checksum": "80cca6503cacc8f53e45ed2d71467731"
        },
        {
          "type": "cssRules",
          "assetId": "dwz3UlNQbjg",
          "checksum": "80cca6503cacc8f53e45ed2d71467731"
        },
        {
          "type": "renderModule",
          "assetId": "_ZuAF4-v1b5",
          "checksum": "7066a990f169ce1fabc518ce67c1c216"
        },
        {
          "type": "cssRules",
          "assetId": "_ZuAF4-v1b5",
          "checksum": "7066a990f169ce1fabc518ce67c1c216"
        },
        {
          "type": "renderModule",
          "assetId": "Nyf0fcpCBO",
          "checksum": "43593b22422169553b76859474142880"
        },
        {
          "type": "cssRules",
          "assetId": "Nyf0fcpCBO",
          "checksum": "43593b22422169553b76859474142880"
        },
        {
          "type": "renderModule",
          "assetId": "LfL2mcCf-Co",
          "checksum": "5d41f2b1552bc0daa7dfc3c47b2460d8"
        },
        {
          "type": "cssRules",
          "assetId": "LfL2mcCf-Co",
          "checksum": "5d41f2b1552bc0daa7dfc3c47b2460d8"
        },
        {
          "type": "icon",
          "assetId": "XStRoMTJ80x",
          "checksum": "439d47115075e82d557a819f094bd74b"
        },
        {
          "type": "icon",
          "assetId": "2kWRLqlPNlT",
          "checksum": "cae6dfc0a573dd896dbe075975289ac6"
        },
        {
          "type": "image",
          "assetId": "oIMlK8pxm",
          "checksum": "f092be5bf9d859469c91fde9dd49d944"
        },
        {
          "type": "renderModule",
          "assetId": "D5uMvH3-wZG",
          "checksum": "6d33c10f25d4e113bb63e7d870e8c264"
        },
        {
          "type": "cssRules",
          "assetId": "D5uMvH3-wZG",
          "checksum": "6d33c10f25d4e113bb63e7d870e8c264"
        },
        {
          "type": "icon",
          "assetId": "EXEsZQ8P89p",
          "checksum": "f29352e313d8eada7dfd33102472e045"
        },
        {
          "type": "icon",
          "assetId": "OfZnG_-Zhi2",
          "checksum": "fd109ba005a38ed4bcc70581907b0798"
        },
        {
          "type": "renderModule",
          "assetId": "fmmM3UFhDh",
          "checksum": "e06f8a97c35f3788a00a4f8d13496755"
        },
        {
          "type": "cssRules",
          "assetId": "fmmM3UFhDh",
          "checksum": "e06f8a97c35f3788a00a4f8d13496755"
        },
        {
          "type": "renderModule",
          "assetId": "wzacTm_Aql",
          "checksum": "1087afe83e85cb2b7a2777ec36aa6c71"
        },
        {
          "type": "cssRules",
          "assetId": "wzacTm_Aql",
          "checksum": "1087afe83e85cb2b7a2777ec36aa6c71"
        },
        {
          "type": "icon",
          "assetId": "wEeWsfB7OP",
          "checksum": "700c3bdf6c7b2b411bb5dc35cb741aa4"
        },
        {
          "type": "icon",
          "assetId": "ImslAYRPk",
          "checksum": "184396a26102b45e5a8c1ad3f21b8f62"
        },
        {
          "type": "renderModule",
          "assetId": "206AypIGIrX",
          "checksum": "c725a7c856526d02db4ca0befa5bf251"
        },
        {
          "type": "cssRules",
          "assetId": "206AypIGIrX",
          "checksum": "c725a7c856526d02db4ca0befa5bf251"
        },
        {
          "type": "icon",
          "assetId": "37rOcoUtm3E",
          "checksum": "92a452aaafacdb014b33d58c154872b8"
        },
        {
          "type": "renderModule",
          "assetId": "EiqWor0wKzy",
          "checksum": "318a818d02af59820f970d1593d3808f"
        },
        {
          "type": "cssRules",
          "assetId": "EiqWor0wKzy",
          "checksum": "318a818d02af59820f970d1593d3808f"
        },
        {
          "type": "renderModule",
          "assetId": "RodQ_KOiniY",
          "checksum": "17d7ce0b39c2bab40078182313908fd2"
        },
        {
          "type": "cssRules",
          "assetId": "RodQ_KOiniY",
          "checksum": "17d7ce0b39c2bab40078182313908fd2"
        },
        {
          "type": "image",
          "assetId": "5K-z50Ax7",
          "checksum": "4b7640b3921c148a7b05cb70df450d2f"
        },
        {
          "assetId": "srLNpwS495U56VP6wX97Sc",
          "type": "projectCss",
          "checksum": "cf3db1993e46980fc58dbfeef6e67a33"
        }
      ],
      "codegenVersion": "0.0.1"
    }
  ],
  "cliVersion": "0.1.234"
}
